
Microsoft Visual Studio Solution File, Format Version 12.00
# Visual Studio 15
VisualStudioVersion = 15.0.27428.1
MinimumVisualStudioVersion = 10.0.40219.1
Project("{FAE04EC0-301F-11D3-BF4B-00C04F79EFBC}") = "WpfApp8Window", "WpfApp8Window\WpfApp8Window.csproj", "{82B8D013-DA53-43AD-9C3C-1C83C4EB8699}"
EndProject
Project("{FAE04EC0-301F-11D3-BF4B-00C04F79EFBC}") = "Dal", "Dal\Dal.csproj", "{B3E4A969-C860-4CAE-9634-134DFEB61EC5}"
EndProject
Global
	GlobalSection(SolutionConfigurationPlatforms) = preSolution
		Debug|Any CPU = Debug|Any CPU
		Release|Any CPU = Release|Any CPU
	EndGlobalSection
	GlobalSection(ProjectConfigurationPlatforms) = postSolution
		{82B8D013-DA53-43AD-9C3C-1C83C4EB8699}.Debug|Any CPU.ActiveCfg = Debug|Any CPU
		{82B8D013-DA53-43AD-9C3C-1C83C4EB8699}.Debug|Any CPU.Build.0 = Debug|Any CPU
		{82B8D013-DA53-43AD-9C3C-1C83C4EB8699}.Release|Any CPU.ActiveCfg = Release|Any CPU
		{82B8D013-DA53-43AD-9C3C-1C83C4EB8699}.Release|Any CPU.Build.0 = Release|Any CPU
		{B3E4A969-C860-4CAE-9634-134DFEB61EC5}.Debug|Any CPU.ActiveCfg = Debug|Any CPU
		{B3E4A969-C860-4CAE-9634-134DFEB61EC5}.Debug|Any CPU.Build.0 = Debug|Any CPU
		{B3E4A969-C860-4CAE-9634-134DFEB61EC5}.Release|Any CPU.ActiveCfg = Release|Any CPU
		{B3E4A969-C860-4CAE-9634-134DFEB61EC5}.Release|Any CPU.Build.0 = Release|Any CPU
	EndGlobalSection
	GlobalSection(SolutionProperties) = preSolution
		HideSolutionNode = FALSE
	EndGlobalSection
	GlobalSection(ExtensibilityGlobals) = postSolution
		SolutionGuid = {38DC7FD0-A92A-448E-935A-A3902C578538}
	EndGlobalSection
EndGlobal
